
Microsoft Visual Studio Solution File, Format Version 12.00
# Visual Studio 2013
VisualStudioVersion = 12.0.0.0
MinimumVisualStudioVersion = 10.0.0.1

Project("{2150E333-8FDC-42A3-9474-1A3956D46DE8}") = "metadata", ".\", "{F1A57014-71CE-4032-A652-01B7E35E14DB}"
	ProjectSection(SolutionItems) = preProject
		.gitignore = .gitignore
		stylecop.json = stylecop.json
		stylecop.ruleset = stylecop.ruleset
		Directory.Build.props = Directory.Build.props
		.travis.yml = .travis.yml
		README.md = README.md
		Directory.Build.targets = Directory.Build.targets
	EndProjectSection
EndProject


Project("{FAE04EC0-301F-11D3-BF4B-00C04F79EFBC}") = "Argus.Worker", "Argus.Worker\Argus.Worker.csproj", "{FBC6A5A6-4735-4150-9A3B-6C83EEB07CCB}"
EndProject
Project("{FAE04EC0-301F-11D3-BF4B-00C04F79EFBC}") = "Argus.Coordinator", "Argus.Coordinator\Argus.Coordinator.csproj", "{6C087002-C085-4F5A-9CF9-C2CDE85D474A}"
EndProject
Project("{FAE04EC0-301F-11D3-BF4B-00C04F79EFBC}") = "Argus.Common", "Argus.Common\Argus.Common.csproj", "{B1C0785D-4A8C-432F-9013-58D8CBD8DE0C}"
EndProject
Project("{FAE04EC0-301F-11D3-BF4B-00C04F79EFBC}") = "Argus.Collector.Common", "Collectors\Argus.Collector.Common\Argus.Collector.Common.csproj", "{AE802FD0-F56F-4555-9711-5D110279E7FD}"
EndProject
Project("{FAE04EC0-301F-11D3-BF4B-00C04F79EFBC}") = "Argus.Collector.FList", "Collectors\Argus.Collector.FList\Argus.Collector.FList.csproj", "{336436A4-3C53-440B-BD6D-0F2543302A0C}"
EndProject
Project("{2150E333-8FDC-42A3-9474-1A3956D46DE8}") = "Collectors", "Collectors", "{D2D03F17-DC56-4EC4-B14A-8EA97966BE7D}"
EndProject
Project("{FAE04EC0-301F-11D3-BF4B-00C04F79EFBC}") = "Argus.Collector.Booru", "Collectors\Argus.Collector.Booru\Argus.Collector.Booru.csproj", "{41199F4D-B683-4BF3-8C16-D51FB3D64E32}"
EndProject
Project("{FAE04EC0-301F-11D3-BF4B-00C04F79EFBC}") = "Argus.Collector.Retry", "Collectors\Argus.Collector.Retry\Argus.Collector.Retry.csproj", "{E597285A-18D7-4FA2-AB9E-059718E2378C}"
EndProject
Project("{FAE04EC0-301F-11D3-BF4B-00C04F79EFBC}") = "Argus.Collector.Weasyl", "Collectors\Argus.Collector.Weasyl\Argus.Collector.Weasyl.csproj", "{06383965-77C1-4807-8101-70506F1AB995}"
EndProject
Project("{2150E333-8FDC-42A3-9474-1A3956D46DE8}") = "Tools", "Tools", "{A2C11622-CD77-4758-BCF2-44134ECD1A19}"
EndProject
Project("{FAE04EC0-301F-11D3-BF4B-00C04F79EFBC}") = "Argus.Fingerprint", "Tools\Argus.Fingerprint\Argus.Fingerprint.csproj", "{84D6EFE3-C53B-4D95-AF63-5E55C6E8B9F7}"
EndProject
Project("{FAE04EC0-301F-11D3-BF4B-00C04F79EFBC}") = "Argus.API", "Argus.API\Argus.API.csproj", "{0AD4D033-E57E-43C7-872C-CC668447FCC2}"
EndProject
Project("{2150E333-8FDC-42A3-9474-1A3956D46DE8}") = "Drivers", "Drivers", "{CED56AEC-6935-4227-88C5-1D9E26DF859F}"
EndProject
Project("{FAE04EC0-301F-11D3-BF4B-00C04F79EFBC}") = "Argus.Collector.Driver.Minibooru", "Collectors\Drivers\Argus.Collector.Driver.Minibooru\Argus.Collector.Driver.Minibooru.csproj", "{EEF082B1-8B97-4878-A817-ACCAD14F16F5}"
EndProject
Global
	GlobalSection(SolutionConfigurationPlatforms) = preSolution
		Debug|Any CPU = Debug|Any CPU
		Debug|x86 = Debug|x86
		Release|Any CPU = Release|Any CPU
	EndGlobalSection
	GlobalSection(ProjectConfigurationPlatforms) = postSolution
		{FBC6A5A6-4735-4150-9A3B-6C83EEB07CCB}.Debug|Any CPU.ActiveCfg = Debug|Any CPU
		{FBC6A5A6-4735-4150-9A3B-6C83EEB07CCB}.Debug|Any CPU.Build.0 = Debug|Any CPU
		{FBC6A5A6-4735-4150-9A3B-6C83EEB07CCB}.Debug|x86.ActiveCfg = Debug|Any CPU
		{FBC6A5A6-4735-4150-9A3B-6C83EEB07CCB}.Debug|x86.Build.0 = Debug|Any CPU
		{FBC6A5A6-4735-4150-9A3B-6C83EEB07CCB}.Release|Any CPU.ActiveCfg = Release|Any CPU
		{FBC6A5A6-4735-4150-9A3B-6C83EEB07CCB}.Release|Any CPU.Build.0 = Release|Any CPU
		{6C087002-C085-4F5A-9CF9-C2CDE85D474A}.Debug|Any CPU.ActiveCfg = Debug|Any CPU
		{6C087002-C085-4F5A-9CF9-C2CDE85D474A}.Debug|Any CPU.Build.0 = Debug|Any CPU
		{6C087002-C085-4F5A-9CF9-C2CDE85D474A}.Debug|x86.ActiveCfg = Debug|Any CPU
		{6C087002-C085-4F5A-9CF9-C2CDE85D474A}.Debug|x86.Build.0 = Debug|Any CPU
		{6C087002-C085-4F5A-9CF9-C2CDE85D474A}.Release|Any CPU.ActiveCfg = Release|Any CPU
		{6C087002-C085-4F5A-9CF9-C2CDE85D474A}.Release|Any CPU.Build.0 = Release|Any CPU
		{B1C0785D-4A8C-432F-9013-58D8CBD8DE0C}.Debug|Any CPU.ActiveCfg = Debug|Any CPU
		{B1C0785D-4A8C-432F-9013-58D8CBD8DE0C}.Debug|Any CPU.Build.0 = Debug|Any CPU
		{B1C0785D-4A8C-432F-9013-58D8CBD8DE0C}.Debug|x86.ActiveCfg = Debug|Any CPU
		{B1C0785D-4A8C-432F-9013-58D8CBD8DE0C}.Debug|x86.Build.0 = Debug|Any CPU
		{B1C0785D-4A8C-432F-9013-58D8CBD8DE0C}.Release|Any CPU.ActiveCfg = Release|Any CPU
		{B1C0785D-4A8C-432F-9013-58D8CBD8DE0C}.Release|Any CPU.Build.0 = Release|Any CPU
		{AE802FD0-F56F-4555-9711-5D110279E7FD}.Debug|Any CPU.ActiveCfg = Debug|Any CPU
		{AE802FD0-F56F-4555-9711-5D110279E7FD}.Debug|Any CPU.Build.0 = Debug|Any CPU
		{AE802FD0-F56F-4555-9711-5D110279E7FD}.Debug|x86.ActiveCfg = Debug|Any CPU
		{AE802FD0-F56F-4555-9711-5D110279E7FD}.Debug|x86.Build.0 = Debug|Any CPU
		{AE802FD0-F56F-4555-9711-5D110279E7FD}.Release|Any CPU.ActiveCfg = Release|Any CPU
		{AE802FD0-F56F-4555-9711-5D110279E7FD}.Release|Any CPU.Build.0 = Release|Any CPU
		{336436A4-3C53-440B-BD6D-0F2543302A0C}.Debug|Any CPU.ActiveCfg = Debug|Any CPU
		{336436A4-3C53-440B-BD6D-0F2543302A0C}.Debug|Any CPU.Build.0 = Debug|Any CPU
		{336436A4-3C53-440B-BD6D-0F2543302A0C}.Debug|x86.ActiveCfg = Debug|Any CPU
		{336436A4-3C53-440B-BD6D-0F2543302A0C}.Debug|x86.Build.0 = Debug|Any CPU
		{336436A4-3C53-440B-BD6D-0F2543302A0C}.Release|Any CPU.ActiveCfg = Release|Any CPU
		{336436A4-3C53-440B-BD6D-0F2543302A0C}.Release|Any CPU.Build.0 = Release|Any CPU
		{41199F4D-B683-4BF3-8C16-D51FB3D64E32}.Debug|Any CPU.ActiveCfg = Debug|Any CPU
		{41199F4D-B683-4BF3-8C16-D51FB3D64E32}.Debug|Any CPU.Build.0 = Debug|Any CPU
		{41199F4D-B683-4BF3-8C16-D51FB3D64E32}.Debug|x86.ActiveCfg = Debug|Any CPU
		{41199F4D-B683-4BF3-8C16-D51FB3D64E32}.Debug|x86.Build.0 = Debug|Any CPU
		{41199F4D-B683-4BF3-8C16-D51FB3D64E32}.Release|Any CPU.ActiveCfg = Release|Any CPU
		{41199F4D-B683-4BF3-8C16-D51FB3D64E32}.Release|Any CPU.Build.0 = Release|Any CPU
		{E597285A-18D7-4FA2-AB9E-059718E2378C}.Debug|Any CPU.ActiveCfg = Debug|Any CPU
		{E597285A-18D7-4FA2-AB9E-059718E2378C}.Debug|Any CPU.Build.0 = Debug|Any CPU
		{E597285A-18D7-4FA2-AB9E-059718E2378C}.Debug|x86.ActiveCfg = Debug|Any CPU
		{E597285A-18D7-4FA2-AB9E-059718E2378C}.Debug|x86.Build.0 = Debug|Any CPU
		{E597285A-18D7-4FA2-AB9E-059718E2378C}.Release|Any CPU.ActiveCfg = Release|Any CPU
		{E597285A-18D7-4FA2-AB9E-059718E2378C}.Release|Any CPU.Build.0 = Release|Any CPU
		{06383965-77C1-4807-8101-70506F1AB995}.Debug|Any CPU.ActiveCfg = Debug|Any CPU
		{06383965-77C1-4807-8101-70506F1AB995}.Debug|Any CPU.Build.0 = Debug|Any CPU
		{06383965-77C1-4807-8101-70506F1AB995}.Debug|x86.ActiveCfg = Debug|Any CPU
		{06383965-77C1-4807-8101-70506F1AB995}.Debug|x86.Build.0 = Debug|Any CPU
		{06383965-77C1-4807-8101-70506F1AB995}.Release|Any CPU.ActiveCfg = Release|Any CPU
		{06383965-77C1-4807-8101-70506F1AB995}.Release|Any CPU.Build.0 = Release|Any CPU
		{84D6EFE3-C53B-4D95-AF63-5E55C6E8B9F7}.Debug|Any CPU.ActiveCfg = Debug|Any CPU
		{84D6EFE3-C53B-4D95-AF63-5E55C6E8B9F7}.Debug|Any CPU.Build.0 = Debug|Any CPU
		{84D6EFE3-C53B-4D95-AF63-5E55C6E8B9F7}.Debug|x86.ActiveCfg = Debug|Any CPU
		{84D6EFE3-C53B-4D95-AF63-5E55C6E8B9F7}.Debug|x86.Build.0 = Debug|Any CPU
		{84D6EFE3-C53B-4D95-AF63-5E55C6E8B9F7}.Release|Any CPU.ActiveCfg = Release|Any CPU
		{84D6EFE3-C53B-4D95-AF63-5E55C6E8B9F7}.Release|Any CPU.Build.0 = Release|Any CPU
		{0AD4D033-E57E-43C7-872C-CC668447FCC2}.Debug|Any CPU.ActiveCfg = Debug|Any CPU
		{0AD4D033-E57E-43C7-872C-CC668447FCC2}.Debug|Any CPU.Build.0 = Debug|Any CPU
		{0AD4D033-E57E-43C7-872C-CC668447FCC2}.Debug|x86.ActiveCfg = Debug|Any CPU
		{0AD4D033-E57E-43C7-872C-CC668447FCC2}.Debug|x86.Build.0 = Debug|Any CPU
		{0AD4D033-E57E-43C7-872C-CC668447FCC2}.Release|Any CPU.ActiveCfg = Release|Any CPU
		{0AD4D033-E57E-43C7-872C-CC668447FCC2}.Release|Any CPU.Build.0 = Release|Any CPU
		{EEF082B1-8B97-4878-A817-ACCAD14F16F5}.Debug|Any CPU.ActiveCfg = Debug|Any CPU
		{EEF082B1-8B97-4878-A817-ACCAD14F16F5}.Debug|Any CPU.Build.0 = Debug|Any CPU
		{EEF082B1-8B97-4878-A817-ACCAD14F16F5}.Debug|x86.ActiveCfg = Debug|Any CPU
		{EEF082B1-8B97-4878-A817-ACCAD14F16F5}.Debug|x86.Build.0 = Debug|Any CPU
		{EEF082B1-8B97-4878-A817-ACCAD14F16F5}.Release|Any CPU.ActiveCfg = Release|Any CPU
		{EEF082B1-8B97-4878-A817-ACCAD14F16F5}.Release|Any CPU.Build.0 = Release|Any CPU
	EndGlobalSection
	GlobalSection(SolutionProperties) = preSolution
		HideSolutionNode = FALSE
	EndGlobalSection
	GlobalSection(NestedProjects) = preSolution
		{336436A4-3C53-440B-BD6D-0F2543302A0C} = {D2D03F17-DC56-4EC4-B14A-8EA97966BE7D}
		{AE802FD0-F56F-4555-9711-5D110279E7FD} = {D2D03F17-DC56-4EC4-B14A-8EA97966BE7D}
		{41199F4D-B683-4BF3-8C16-D51FB3D64E32} = {D2D03F17-DC56-4EC4-B14A-8EA97966BE7D}
		{E597285A-18D7-4FA2-AB9E-059718E2378C} = {D2D03F17-DC56-4EC4-B14A-8EA97966BE7D}
		{06383965-77C1-4807-8101-70506F1AB995} = {D2D03F17-DC56-4EC4-B14A-8EA97966BE7D}
		{84D6EFE3-C53B-4D95-AF63-5E55C6E8B9F7} = {A2C11622-CD77-4758-BCF2-44134ECD1A19}
		{CED56AEC-6935-4227-88C5-1D9E26DF859F} = {D2D03F17-DC56-4EC4-B14A-8EA97966BE7D}
		{EEF082B1-8B97-4878-A817-ACCAD14F16F5} = {CED56AEC-6935-4227-88C5-1D9E26DF859F}
	EndGlobalSection
EndGlobal
